
Microsoft Visual Studio Solution File, Format Version 12.00
# Visual Studio Version 17
VisualStudioVersion = 17.3.32922.545
MinimumVisualStudioVersion = 10.0.40219.1
Project("{FAE04EC0-301F-11D3-BF4B-00C04F79EFBC}") = "print table by using do while loop", "print table by using do while loop\print table by using do while loop.csproj", "{511849B1-426D-4654-97BA-036E10880391}"
EndProject
Global
	GlobalSection(SolutionConfigurationPlatforms) = preSolution
		Debug|Any CPU = Debug|Any CPU
		Release|Any CPU = Release|Any CPU
	EndGlobalSection
	GlobalSection(ProjectConfigurationPlatforms) = postSolution
		{511849B1-426D-4654-97BA-036E10880391}.Debug|Any CPU.ActiveCfg = Debug|Any CPU
		{511849B1-426D-4654-97BA-036E10880391}.Debug|Any CPU.Build.0 = Debug|Any CPU
		{511849B1-426D-4654-97BA-036E10880391}.Release|Any CPU.ActiveCfg = Release|Any CPU
		{511849B1-426D-4654-97BA-036E10880391}.Release|Any CPU.Build.0 = Release|Any CPU
	EndGlobalSection
	GlobalSection(SolutionProperties) = preSolution
		HideSolutionNode = FALSE
	EndGlobalSection
	GlobalSection(ExtensibilityGlobals) = postSolution
		SolutionGuid = {AAD17D4F-C4B4-4968-B661-67F38D4A190A}
	EndGlobalSection
EndGlobal
